
Microsoft Visual Studio Solution File, Format Version 11.00
# Visual Studio 2010
Project("{FAE04EC0-301F-11D3-BF4B-00C04F79EFBC}") = "Assembly-CSharp-Editor", "Assembly-CSharp-Editor.csproj", "{b05a9373-e13c-e8a8-5487-639d5a670fc5}"
EndProject
Project("{FAE04EC0-301F-11D3-BF4B-00C04F79EFBC}") = "Assembly-CSharp", "Assembly-CSharp.csproj", "{29707957-75c4-962d-81a5-8188a94b1807}"
EndProject
Global
	GlobalSection(SolutionConfigurationPlatforms) = preSolution
		Debug|Any CPU = Debug|Any CPU
	EndGlobalSection
	GlobalSection(ProjectConfigurationPlatforms) = postSolution
		{b05a9373-e13c-e8a8-5487-639d5a670fc5}.Debug|Any CPU.ActiveCfg = Debug|Any CPU
		{b05a9373-e13c-e8a8-5487-639d5a670fc5}.Debug|Any CPU.Build.0 = Debug|Any CPU
		{29707957-75c4-962d-81a5-8188a94b1807}.Debug|Any CPU.ActiveCfg = Debug|Any CPU
		{29707957-75c4-962d-81a5-8188a94b1807}.Debug|Any CPU.Build.0 = Debug|Any CPU
	EndGlobalSection
	GlobalSection(SolutionProperties) = preSolution
		HideSolutionNode = FALSE
	EndGlobalSection
EndGlobal
